{
  "requires": true,
  "lockfileVersion": 1,
  "dependencies": {
    "mdbootstrap": {
      "version": "4.14.1",
      "resolved": "https://registry.npmjs.org/mdbootstrap/-/mdbootstrap-4.14.1.tgz",
      "integrity": "sha512-tO17G2ed8gPqE6NeWmnL7OTKBOLxoRjMocNvGmDTLkxixJyW50k7gMCZsIlzBgd2KWGdaXo/aERAWvPqNCj3Bg=="
    }
  }
}
